
Microsoft Visual Studio Solution File, Format Version 12.00
# Visual Studio 2012
Project("{FAE04EC0-301F-11D3-BF4B-00C04F79EFBC}") = "HomeworkTask8", "HomeworkTask6\HomeworkTask8.csproj", "{DB759131-B278-48FA-A4F2-71D0FB46AEBB}"
EndProject
Global
	GlobalSection(SolutionConfigurationPlatforms) = preSolution
		Debug|Any CPU = Debug|Any CPU
		Release|Any CPU = Release|Any CPU
	EndGlobalSection
	GlobalSection(ProjectConfigurationPlatforms) = postSolution
		{DB759131-B278-48FA-A4F2-71D0FB46AEBB}.Debug|Any CPU.ActiveCfg = Debug|Any CPU
		{DB759131-B278-48FA-A4F2-71D0FB46AEBB}.Debug|Any CPU.Build.0 = Debug|Any CPU
		{DB759131-B278-48FA-A4F2-71D0FB46AEBB}.Release|Any CPU.ActiveCfg = Release|Any CPU
		{DB759131-B278-48FA-A4F2-71D0FB46AEBB}.Release|Any CPU.Build.0 = Release|Any CPU
	EndGlobalSection
	GlobalSection(SolutionProperties) = preSolution
		HideSolutionNode = FALSE
	EndGlobalSection
EndGlobal
