
Microsoft Visual Studio Solution File, Format Version 12.00
# Visual Studio 2012
Project("{FAE04EC0-301F-11D3-BF4B-00C04F79EFBC}") = "Good.Bye", "Good.Bye\Good.Bye.csproj", "{449C96D5-29F1-426D-B5B9-785E461A9605}"
EndProject
Global
	GlobalSection(SolutionConfigurationPlatforms) = preSolution
		Debug|Any CPU = Debug|Any CPU
		Release|Any CPU = Release|Any CPU
	EndGlobalSection
	GlobalSection(ProjectConfigurationPlatforms) = postSolution
		{449C96D5-29F1-426D-B5B9-785E461A9605}.Debug|Any CPU.ActiveCfg = Debug|Any CPU
		{449C96D5-29F1-426D-B5B9-785E461A9605}.Debug|Any CPU.Build.0 = Debug|Any CPU
		{449C96D5-29F1-426D-B5B9-785E461A9605}.Release|Any CPU.ActiveCfg = Release|Any CPU
		{449C96D5-29F1-426D-B5B9-785E461A9605}.Release|Any CPU.Build.0 = Release|Any CPU
	EndGlobalSection
	GlobalSection(SolutionProperties) = preSolution
		HideSolutionNode = FALSE
	EndGlobalSection
EndGlobal
