
Microsoft Visual Studio Solution File, Format Version 12.00
# Visual Studio 2012
Project("{FAE04EC0-301F-11D3-BF4B-00C04F79EFBC}") = "Date.Calculator", "Date.Calculator\Date.Calculator.csproj", "{341118A7-43EE-45C5-A7A5-61559FF7C07B}"
EndProject
Global
	GlobalSection(SolutionConfigurationPlatforms) = preSolution
		Debug|Any CPU = Debug|Any CPU
		Release|Any CPU = Release|Any CPU
	EndGlobalSection
	GlobalSection(ProjectConfigurationPlatforms) = postSolution
		{341118A7-43EE-45C5-A7A5-61559FF7C07B}.Debug|Any CPU.ActiveCfg = Debug|Any CPU
		{341118A7-43EE-45C5-A7A5-61559FF7C07B}.Debug|Any CPU.Build.0 = Debug|Any CPU
		{341118A7-43EE-45C5-A7A5-61559FF7C07B}.Release|Any CPU.ActiveCfg = Release|Any CPU
		{341118A7-43EE-45C5-A7A5-61559FF7C07B}.Release|Any CPU.Build.0 = Release|Any CPU
	EndGlobalSection
	GlobalSection(SolutionProperties) = preSolution
		HideSolutionNode = FALSE
	EndGlobalSection
EndGlobal
