
Microsoft Visual Studio Solution File, Format Version 12.00
# Visual Studio 2012
Project("{FAE04EC0-301F-11D3-BF4B-00C04F79EFBC}") = "StudentHolder", "StudentHolder\StudentHolder.csproj", "{9EE93836-9C67-47FB-9855-E2E5513B52BD}"
EndProject
Global
	GlobalSection(SolutionConfigurationPlatforms) = preSolution
		Debug|Any CPU = Debug|Any CPU
		Release|Any CPU = Release|Any CPU
	EndGlobalSection
	GlobalSection(ProjectConfigurationPlatforms) = postSolution
		{9EE93836-9C67-47FB-9855-E2E5513B52BD}.Debug|Any CPU.ActiveCfg = Debug|Any CPU
		{9EE93836-9C67-47FB-9855-E2E5513B52BD}.Debug|Any CPU.Build.0 = Debug|Any CPU
		{9EE93836-9C67-47FB-9855-E2E5513B52BD}.Release|Any CPU.ActiveCfg = Release|Any CPU
		{9EE93836-9C67-47FB-9855-E2E5513B52BD}.Release|Any CPU.Build.0 = Release|Any CPU
	EndGlobalSection
	GlobalSection(SolutionProperties) = preSolution
		HideSolutionNode = FALSE
	EndGlobalSection
EndGlobal
